
Microsoft Visual Studio Solution File, Format Version 12.00
# Visual Studio Version 16
VisualStudioVersion = 16.0.29411.108
MinimumVisualStudioVersion = 10.0.40219.1
Project("{8BC9CEB8-8B4A-11D0-8D11-00A0C91BC942}") = "SENG_660_Assignments", "SENG_660_Assignments.vcxproj", "{C42DF837-B383-46FD-91AF-88589CFEBFEB}"
EndProject
Global
	GlobalSection(SolutionConfigurationPlatforms) = preSolution
		Debug|x64 = Debug|x64
		Debug|x86 = Debug|x86
		Release|x64 = Release|x64
		Release|x86 = Release|x86
	EndGlobalSection
	GlobalSection(ProjectConfigurationPlatforms) = postSolution
		{C42DF837-B383-46FD-91AF-88589CFEBFEB}.Debug|x64.ActiveCfg = Debug|x64
		{C42DF837-B383-46FD-91AF-88589CFEBFEB}.Debug|x64.Build.0 = Debug|x64
		{C42DF837-B383-46FD-91AF-88589CFEBFEB}.Debug|x86.ActiveCfg = Debug|Win32
		{C42DF837-B383-46FD-91AF-88589CFEBFEB}.Debug|x86.Build.0 = Debug|Win32
		{C42DF837-B383-46FD-91AF-88589CFEBFEB}.Release|x64.ActiveCfg = Release|x64
		{C42DF837-B383-46FD-91AF-88589CFEBFEB}.Release|x64.Build.0 = Release|x64
		{C42DF837-B383-46FD-91AF-88589CFEBFEB}.Release|x86.ActiveCfg = Release|Win32
		{C42DF837-B383-46FD-91AF-88589CFEBFEB}.Release|x86.Build.0 = Release|Win32
	EndGlobalSection
	GlobalSection(SolutionProperties) = preSolution
		HideSolutionNode = FALSE
	EndGlobalSection
	GlobalSection(ExtensibilityGlobals) = postSolution
		SolutionGuid = {312FBF34-D4B6-46E9-9F53-BCA3C78B3C77}
	EndGlobalSection
EndGlobal
